
Microsoft Visual Studio Solution File, Format Version 12.00
# Visual Studio Version 16
VisualStudioVersion = 16.0.31005.135
MinimumVisualStudioVersion = 10.0.40219.1
Project("{FAE04EC0-301F-11D3-BF4B-00C04F79EFBC}") = "WebApplication1 (Peak Workspace)", "WebApplication1 (Peak Workspace).csproj", "{61766690-32FB-41B0-ABA8-5625BDE76844}"
EndProject
Global
	GlobalSection(SolutionConfigurationPlatforms) = preSolution
		Debug|Any CPU = Debug|Any CPU
		Release|Any CPU = Release|Any CPU
	EndGlobalSection
	GlobalSection(ProjectConfigurationPlatforms) = postSolution
		{61766690-32FB-41B0-ABA8-5625BDE76844}.Debug|Any CPU.ActiveCfg = Debug|Any CPU
		{61766690-32FB-41B0-ABA8-5625BDE76844}.Debug|Any CPU.Build.0 = Debug|Any CPU
		{61766690-32FB-41B0-ABA8-5625BDE76844}.Release|Any CPU.ActiveCfg = Release|Any CPU
		{61766690-32FB-41B0-ABA8-5625BDE76844}.Release|Any CPU.Build.0 = Release|Any CPU
	EndGlobalSection
	GlobalSection(SolutionProperties) = preSolution
		HideSolutionNode = FALSE
	EndGlobalSection
	GlobalSection(ExtensibilityGlobals) = postSolution
		SolutionGuid = {A46D7580-8552-4F02-97D8-3E9FCFC27029}
	EndGlobalSection
EndGlobal
